
Microsoft Visual Studio Solution File, Format Version 12.00
# Visual Studio 15
VisualStudioVersion = 15.0.27004.2002
MinimumVisualStudioVersion = 10.0.40219.1
Project("{FAE04EC0-301F-11D3-BF4B-00C04F79EFBC}") = "IntroToWebAPI", "IntroToWebAPI\IntroToWebAPI.csproj", "{3425EB13-4CBA-4EB4-9F71-7319FA4042FE}"
EndProject
Global
	GlobalSection(SolutionConfigurationPlatforms) = preSolution
		Debug|Any CPU = Debug|Any CPU
		Release|Any CPU = Release|Any CPU
	EndGlobalSection
	GlobalSection(ProjectConfigurationPlatforms) = postSolution
		{3425EB13-4CBA-4EB4-9F71-7319FA4042FE}.Debug|Any CPU.ActiveCfg = Debug|Any CPU
		{3425EB13-4CBA-4EB4-9F71-7319FA4042FE}.Debug|Any CPU.Build.0 = Debug|Any CPU
		{3425EB13-4CBA-4EB4-9F71-7319FA4042FE}.Release|Any CPU.ActiveCfg = Release|Any CPU
		{3425EB13-4CBA-4EB4-9F71-7319FA4042FE}.Release|Any CPU.Build.0 = Release|Any CPU
	EndGlobalSection
	GlobalSection(SolutionProperties) = preSolution
		HideSolutionNode = FALSE
	EndGlobalSection
	GlobalSection(ExtensibilityGlobals) = postSolution
		SolutionGuid = {876BD4AD-37F7-4AA2-9A3A-2D54B61B3D6F}
	EndGlobalSection
EndGlobal
